
Microsoft Visual Studio Solution File, Format Version 12.00
# Visual Studio 15
VisualStudioVersion = 15.0.28307.1145
MinimumVisualStudioVersion = 10.0.40219.1
Project("{2150E333-8FDC-42A3-9474-1A3956D46DE8}") = "ReadModel", "ReadModel", "{6964E552-F782-4F3E-811C-B630751A7382}"
EndProject
Project("{2150E333-8FDC-42A3-9474-1A3956D46DE8}") = "WriteModel", "WriteModel", "{E34E0067-3947-4F95-8BF9-35F26B4E1F7D}"
EndProject
Project("{2150E333-8FDC-42A3-9474-1A3956D46DE8}") = "CustomerContext", "CustomerContext", "{15981584-A912-4FFB-B0F3-ADC8260823B2}"
EndProject
Project("{2150E333-8FDC-42A3-9474-1A3956D46DE8}") = "Domain", "Domain", "{5EDE7379-6E8D-47B2-964F-488E9E1E0121}"
EndProject
Project("{2150E333-8FDC-42A3-9474-1A3956D46DE8}") = "ApplicationService", "ApplicationService", "{C7D76CD7-BEB0-48E3-84F6-651F45A31E21}"
EndProject
Project("{2150E333-8FDC-42A3-9474-1A3956D46DE8}") = "Facade", "Facade", "{8D53CEC0-3DE1-4914-B512-4A07E57C918B}"
EndProject
Project("{9A19103F-16F7-4668-BE54-9A1E7A4F7556}") = "Polo.Shop.CustomerContext.Domain", "Polo.Shop.CustomerContext.Domain\Polo.Shop.CustomerContext.Domain.csproj", "{58807A94-4B97-4FB1-873B-5DEB495A3A4E}"
EndProject
Project("{2150E333-8FDC-42A3-9474-1A3956D46DE8}") = "Framework", "Framework", "{B4D17C1E-453B-4E52-B62E-BA35BF2F130F}"
EndProject
Project("{9A19103F-16F7-4668-BE54-9A1E7A4F7556}") = "Polo.Framework.Domain", "Shoniz.Framework.Domain\Polo.Framework.Domain.csproj", "{FE81C00C-99DC-43D9-A38F-00F1AF908F6E}"
EndProject
Project("{9A19103F-16F7-4668-BE54-9A1E7A4F7556}") = "Polo.Shop.CustomerContext.Resources", "Polo.Shop.CustomerContext.Resources\Polo.Shop.CustomerContext.Resources.csproj", "{3BEB35C2-1C00-493E-A24E-F7F0C54868C4}"
EndProject
Project("{9A19103F-16F7-4668-BE54-9A1E7A4F7556}") = "Polo.Framework.Security", "Polo.Framework.Security\Polo.Framework.Security.csproj", "{9EA37C64-A58B-4C21-AA63-8BB2A1BE885F}"
EndProject
Project("{9A19103F-16F7-4668-BE54-9A1E7A4F7556}") = "Polo.Framework.Core", "Polo.Framework.Core\Polo.Framework.Core.csproj", "{7C51CE92-EA17-42A0-9BCB-0716FAC77D65}"
EndProject
Project("{9A19103F-16F7-4668-BE54-9A1E7A4F7556}") = "Polo.Shop.CustomerContext.AppliactionService", "Polo.Shop.CustomerContext.AppliactionService\Polo.Shop.CustomerContext.AppliactionService.csproj", "{6C838A81-58ED-44F3-AFA2-4B1CB57D4CCA}"
EndProject
Project("{9A19103F-16F7-4668-BE54-9A1E7A4F7556}") = "Polo.Shop.CustomerContext.ApplicationService.Contracts", "Polo.Shop.CustomerContext.ApplicationService.Contracts\Polo.Shop.CustomerContext.ApplicationService.Contracts.csproj", "{EAE0F9C5-0E3C-4BDD-BAD6-A77C4137254B}"
EndProject
Project("{9A19103F-16F7-4668-BE54-9A1E7A4F7556}") = "Polo.Framework.ApplicationService", "Polo.Framework.ApplicationService\Polo.Framework.ApplicationService.csproj", "{D3E522FB-121C-4432-9EDB-376499EEE877}"
EndProject
Project("{9A19103F-16F7-4668-BE54-9A1E7A4F7556}") = "Polo.Framework.DependencyInjection", "Polo.Framework.DependencyInjection\Polo.Framework.DependencyInjection.csproj", "{74F8662E-6DFE-4D8B-A134-A9BE5B87F174}"
EndProject
Project("{9A19103F-16F7-4668-BE54-9A1E7A4F7556}") = "Polo.Shop.CustomerContext.Facade", "Polo.Shop.CustomerContext.Facade\Polo.Shop.CustomerContext.Facade.csproj", "{B9CADC8A-A4A2-4FB1-8AFB-D10887D2ACA4}"
EndProject
Project("{9A19103F-16F7-4668-BE54-9A1E7A4F7556}") = "Polo.Framework.Facade", "Polo.Framework.Facade\Polo.Framework.Facade.csproj", "{2FD9FE40-CD72-4637-A99F-5BCCEB8775B3}"
EndProject
Project("{9A19103F-16F7-4668-BE54-9A1E7A4F7556}") = "Polo.Shop.CustomerContext.Facade.Contracts", "Polo.Shop.CustomerContext.Facade.Contracts\Polo.Shop.CustomerContext.Facade.Contracts.csproj", "{9870A2EE-8C74-41E1-9730-71CA0DD2D6F8}"
EndProject
Project("{9A19103F-16F7-4668-BE54-9A1E7A4F7556}") = "Polo.Shop.CustomerContext.Configuration", "Polo.Shop.CustomerContext.Configuration\Polo.Shop.CustomerContext.Configuration.csproj", "{4AACD986-8F7A-41B2-A391-DD6169EE4415}"
EndProject
Project("{9A19103F-16F7-4668-BE54-9A1E7A4F7556}") = "Polo.Shop.CustomerContext.Domain.Services", "Polo.Shop.CustomerContext.Domain.Services\Polo.Shop.CustomerContext.Domain.Services.csproj", "{3EAF8FB8-FF1D-4EA2-83E3-8C58271E6B92}"
EndProject
Project("{2150E333-8FDC-42A3-9474-1A3956D46DE8}") = "Infrastructure", "Infrastructure", "{081CF2FC-EEE3-40F3-AB40-05CC4B665374}"
EndProject
Project("{9A19103F-16F7-4668-BE54-9A1E7A4F7556}") = "Polo.Shop.CustomerContext.Infrastructure.Persistence", "Polo.Shop.CustomerContext.Infrastructure.Persistence\Polo.Shop.CustomerContext.Infrastructure.Persistence.csproj", "{7764AC7E-08F4-4374-BD60-D4650F64C334}"
EndProject
Project("{9A19103F-16F7-4668-BE54-9A1E7A4F7556}") = "Polo.Framework.Persistence", "Polo.Framework.Persistence\Polo.Framework.Persistence.csproj", "{56585952-A6AB-4DAD-B9EF-E569F1CEBE33}"
EndProject
Project("{9A19103F-16F7-4668-BE54-9A1E7A4F7556}") = "Polo.Shop.Persistence", "Polo.Shop.Persistence\Polo.Shop.Persistence.csproj", "{5E333238-63CB-456F-8F93-1ECBC509DAF7}"
EndProject
Project("{FAE04EC0-301F-11D3-BF4B-00C04F79EFBC}") = "Polo.Shop.ReadModel.Context", "Polo.Shop.ReadModel.Context\Polo.Shop.ReadModel.Context.csproj", "{4E6D3BD8-4C42-4B5A-BCA8-B0B3A4000EF6}"
EndProject
Project("{FAE04EC0-301F-11D3-BF4B-00C04F79EFBC}") = "Polo.Shop.ReadModel.Queries.Contracts", "Polo.Shop.ReadModel.Queries.Contracts\Polo.Shop.ReadModel.Queries.Contracts.csproj", "{2D6E5855-0674-471B-9979-EC4A07D15791}"
EndProject
Project("{FAE04EC0-301F-11D3-BF4B-00C04F79EFBC}") = "Polo.Shop.ReadModel.Queries.Facade", "Polo.Shop.ReadModel.Queries.Facade\Polo.Shop.ReadModel.Queries.Facade.csproj", "{8F85F9DB-55F5-4B2C-97DB-3B8016650C1C}"
EndProject
Global
	GlobalSection(SolutionConfigurationPlatforms) = preSolution
		Debug|Any CPU = Debug|Any CPU
		Release|Any CPU = Release|Any CPU
	EndGlobalSection
	GlobalSection(ProjectConfigurationPlatforms) = postSolution
		{58807A94-4B97-4FB1-873B-5DEB495A3A4E}.Debug|Any CPU.ActiveCfg = Debug|Any CPU
		{58807A94-4B97-4FB1-873B-5DEB495A3A4E}.Debug|Any CPU.Build.0 = Debug|Any CPU
		{58807A94-4B97-4FB1-873B-5DEB495A3A4E}.Release|Any CPU.ActiveCfg = Release|Any CPU
		{58807A94-4B97-4FB1-873B-5DEB495A3A4E}.Release|Any CPU.Build.0 = Release|Any CPU
		{FE81C00C-99DC-43D9-A38F-00F1AF908F6E}.Debug|Any CPU.ActiveCfg = Debug|Any CPU
		{FE81C00C-99DC-43D9-A38F-00F1AF908F6E}.Debug|Any CPU.Build.0 = Debug|Any CPU
		{FE81C00C-99DC-43D9-A38F-00F1AF908F6E}.Release|Any CPU.ActiveCfg = Release|Any CPU
		{FE81C00C-99DC-43D9-A38F-00F1AF908F6E}.Release|Any CPU.Build.0 = Release|Any CPU
		{3BEB35C2-1C00-493E-A24E-F7F0C54868C4}.Debug|Any CPU.ActiveCfg = Debug|Any CPU
		{3BEB35C2-1C00-493E-A24E-F7F0C54868C4}.Debug|Any CPU.Build.0 = Debug|Any CPU
		{3BEB35C2-1C00-493E-A24E-F7F0C54868C4}.Release|Any CPU.ActiveCfg = Release|Any CPU
		{3BEB35C2-1C00-493E-A24E-F7F0C54868C4}.Release|Any CPU.Build.0 = Release|Any CPU
		{9EA37C64-A58B-4C21-AA63-8BB2A1BE885F}.Debug|Any CPU.ActiveCfg = Debug|Any CPU
		{9EA37C64-A58B-4C21-AA63-8BB2A1BE885F}.Debug|Any CPU.Build.0 = Debug|Any CPU
		{9EA37C64-A58B-4C21-AA63-8BB2A1BE885F}.Release|Any CPU.ActiveCfg = Release|Any CPU
		{9EA37C64-A58B-4C21-AA63-8BB2A1BE885F}.Release|Any CPU.Build.0 = Release|Any CPU
		{7C51CE92-EA17-42A0-9BCB-0716FAC77D65}.Debug|Any CPU.ActiveCfg = Debug|Any CPU
		{7C51CE92-EA17-42A0-9BCB-0716FAC77D65}.Debug|Any CPU.Build.0 = Debug|Any CPU
		{7C51CE92-EA17-42A0-9BCB-0716FAC77D65}.Release|Any CPU.ActiveCfg = Release|Any CPU
		{7C51CE92-EA17-42A0-9BCB-0716FAC77D65}.Release|Any CPU.Build.0 = Release|Any CPU
		{6C838A81-58ED-44F3-AFA2-4B1CB57D4CCA}.Debug|Any CPU.ActiveCfg = Debug|Any CPU
		{6C838A81-58ED-44F3-AFA2-4B1CB57D4CCA}.Debug|Any CPU.Build.0 = Debug|Any CPU
		{6C838A81-58ED-44F3-AFA2-4B1CB57D4CCA}.Release|Any CPU.ActiveCfg = Release|Any CPU
		{6C838A81-58ED-44F3-AFA2-4B1CB57D4CCA}.Release|Any CPU.Build.0 = Release|Any CPU
		{EAE0F9C5-0E3C-4BDD-BAD6-A77C4137254B}.Debug|Any CPU.ActiveCfg = Debug|Any CPU
		{EAE0F9C5-0E3C-4BDD-BAD6-A77C4137254B}.Debug|Any CPU.Build.0 = Debug|Any CPU
		{EAE0F9C5-0E3C-4BDD-BAD6-A77C4137254B}.Release|Any CPU.ActiveCfg = Release|Any CPU
		{EAE0F9C5-0E3C-4BDD-BAD6-A77C4137254B}.Release|Any CPU.Build.0 = Release|Any CPU
		{D3E522FB-121C-4432-9EDB-376499EEE877}.Debug|Any CPU.ActiveCfg = Debug|Any CPU
		{D3E522FB-121C-4432-9EDB-376499EEE877}.Debug|Any CPU.Build.0 = Debug|Any CPU
		{D3E522FB-121C-4432-9EDB-376499EEE877}.Release|Any CPU.ActiveCfg = Release|Any CPU
		{D3E522FB-121C-4432-9EDB-376499EEE877}.Release|Any CPU.Build.0 = Release|Any CPU
		{74F8662E-6DFE-4D8B-A134-A9BE5B87F174}.Debug|Any CPU.ActiveCfg = Debug|Any CPU
		{74F8662E-6DFE-4D8B-A134-A9BE5B87F174}.Debug|Any CPU.Build.0 = Debug|Any CPU
		{74F8662E-6DFE-4D8B-A134-A9BE5B87F174}.Release|Any CPU.ActiveCfg = Release|Any CPU
		{74F8662E-6DFE-4D8B-A134-A9BE5B87F174}.Release|Any CPU.Build.0 = Release|Any CPU
		{B9CADC8A-A4A2-4FB1-8AFB-D10887D2ACA4}.Debug|Any CPU.ActiveCfg = Debug|Any CPU
		{B9CADC8A-A4A2-4FB1-8AFB-D10887D2ACA4}.Debug|Any CPU.Build.0 = Debug|Any CPU
		{B9CADC8A-A4A2-4FB1-8AFB-D10887D2ACA4}.Release|Any CPU.ActiveCfg = Release|Any CPU
		{B9CADC8A-A4A2-4FB1-8AFB-D10887D2ACA4}.Release|Any CPU.Build.0 = Release|Any CPU
		{2FD9FE40-CD72-4637-A99F-5BCCEB8775B3}.Debug|Any CPU.ActiveCfg = Debug|Any CPU
		{2FD9FE40-CD72-4637-A99F-5BCCEB8775B3}.Debug|Any CPU.Build.0 = Debug|Any CPU
		{2FD9FE40-CD72-4637-A99F-5BCCEB8775B3}.Release|Any CPU.ActiveCfg = Release|Any CPU
		{2FD9FE40-CD72-4637-A99F-5BCCEB8775B3}.Release|Any CPU.Build.0 = Release|Any CPU
		{9870A2EE-8C74-41E1-9730-71CA0DD2D6F8}.Debug|Any CPU.ActiveCfg = Debug|Any CPU
		{9870A2EE-8C74-41E1-9730-71CA0DD2D6F8}.Debug|Any CPU.Build.0 = Debug|Any CPU
		{9870A2EE-8C74-41E1-9730-71CA0DD2D6F8}.Release|Any CPU.ActiveCfg = Release|Any CPU
		{9870A2EE-8C74-41E1-9730-71CA0DD2D6F8}.Release|Any CPU.Build.0 = Release|Any CPU
		{4AACD986-8F7A-41B2-A391-DD6169EE4415}.Debug|Any CPU.ActiveCfg = Debug|Any CPU
		{4AACD986-8F7A-41B2-A391-DD6169EE4415}.Debug|Any CPU.Build.0 = Debug|Any CPU
		{4AACD986-8F7A-41B2-A391-DD6169EE4415}.Release|Any CPU.ActiveCfg = Release|Any CPU
		{4AACD986-8F7A-41B2-A391-DD6169EE4415}.Release|Any CPU.Build.0 = Release|Any CPU
		{3EAF8FB8-FF1D-4EA2-83E3-8C58271E6B92}.Debug|Any CPU.ActiveCfg = Debug|Any CPU
		{3EAF8FB8-FF1D-4EA2-83E3-8C58271E6B92}.Debug|Any CPU.Build.0 = Debug|Any CPU
		{3EAF8FB8-FF1D-4EA2-83E3-8C58271E6B92}.Release|Any CPU.ActiveCfg = Release|Any CPU
		{3EAF8FB8-FF1D-4EA2-83E3-8C58271E6B92}.Release|Any CPU.Build.0 = Release|Any CPU
		{7764AC7E-08F4-4374-BD60-D4650F64C334}.Debug|Any CPU.ActiveCfg = Debug|Any CPU
		{7764AC7E-08F4-4374-BD60-D4650F64C334}.Debug|Any CPU.Build.0 = Debug|Any CPU
		{7764AC7E-08F4-4374-BD60-D4650F64C334}.Release|Any CPU.ActiveCfg = Release|Any CPU
		{7764AC7E-08F4-4374-BD60-D4650F64C334}.Release|Any CPU.Build.0 = Release|Any CPU
		{56585952-A6AB-4DAD-B9EF-E569F1CEBE33}.Debug|Any CPU.ActiveCfg = Debug|Any CPU
		{56585952-A6AB-4DAD-B9EF-E569F1CEBE33}.Debug|Any CPU.Build.0 = Debug|Any CPU
		{56585952-A6AB-4DAD-B9EF-E569F1CEBE33}.Release|Any CPU.ActiveCfg = Release|Any CPU
		{56585952-A6AB-4DAD-B9EF-E569F1CEBE33}.Release|Any CPU.Build.0 = Release|Any CPU
		{5E333238-63CB-456F-8F93-1ECBC509DAF7}.Debug|Any CPU.ActiveCfg = Debug|Any CPU
		{5E333238-63CB-456F-8F93-1ECBC509DAF7}.Debug|Any CPU.Build.0 = Debug|Any CPU
		{5E333238-63CB-456F-8F93-1ECBC509DAF7}.Release|Any CPU.ActiveCfg = Release|Any CPU
		{5E333238-63CB-456F-8F93-1ECBC509DAF7}.Release|Any CPU.Build.0 = Release|Any CPU
		{4E6D3BD8-4C42-4B5A-BCA8-B0B3A4000EF6}.Debug|Any CPU.ActiveCfg = Debug|Any CPU
		{4E6D3BD8-4C42-4B5A-BCA8-B0B3A4000EF6}.Debug|Any CPU.Build.0 = Debug|Any CPU
		{4E6D3BD8-4C42-4B5A-BCA8-B0B3A4000EF6}.Release|Any CPU.ActiveCfg = Release|Any CPU
		{4E6D3BD8-4C42-4B5A-BCA8-B0B3A4000EF6}.Release|Any CPU.Build.0 = Release|Any CPU
		{2D6E5855-0674-471B-9979-EC4A07D15791}.Debug|Any CPU.ActiveCfg = Debug|Any CPU
		{2D6E5855-0674-471B-9979-EC4A07D15791}.Debug|Any CPU.Build.0 = Debug|Any CPU
		{2D6E5855-0674-471B-9979-EC4A07D15791}.Release|Any CPU.ActiveCfg = Release|Any CPU
		{2D6E5855-0674-471B-9979-EC4A07D15791}.Release|Any CPU.Build.0 = Release|Any CPU
		{8F85F9DB-55F5-4B2C-97DB-3B8016650C1C}.Debug|Any CPU.ActiveCfg = Debug|Any CPU
		{8F85F9DB-55F5-4B2C-97DB-3B8016650C1C}.Debug|Any CPU.Build.0 = Debug|Any CPU
		{8F85F9DB-55F5-4B2C-97DB-3B8016650C1C}.Release|Any CPU.ActiveCfg = Release|Any CPU
		{8F85F9DB-55F5-4B2C-97DB-3B8016650C1C}.Release|Any CPU.Build.0 = Release|Any CPU
	EndGlobalSection
	GlobalSection(SolutionProperties) = preSolution
		HideSolutionNode = FALSE
	EndGlobalSection
	GlobalSection(NestedProjects) = preSolution
		{15981584-A912-4FFB-B0F3-ADC8260823B2} = {E34E0067-3947-4F95-8BF9-35F26B4E1F7D}
		{5EDE7379-6E8D-47B2-964F-488E9E1E0121} = {15981584-A912-4FFB-B0F3-ADC8260823B2}
		{C7D76CD7-BEB0-48E3-84F6-651F45A31E21} = {15981584-A912-4FFB-B0F3-ADC8260823B2}
		{8D53CEC0-3DE1-4914-B512-4A07E57C918B} = {15981584-A912-4FFB-B0F3-ADC8260823B2}
		{58807A94-4B97-4FB1-873B-5DEB495A3A4E} = {5EDE7379-6E8D-47B2-964F-488E9E1E0121}
		{FE81C00C-99DC-43D9-A38F-00F1AF908F6E} = {B4D17C1E-453B-4E52-B62E-BA35BF2F130F}
		{3BEB35C2-1C00-493E-A24E-F7F0C54868C4} = {15981584-A912-4FFB-B0F3-ADC8260823B2}
		{9EA37C64-A58B-4C21-AA63-8BB2A1BE885F} = {B4D17C1E-453B-4E52-B62E-BA35BF2F130F}
		{7C51CE92-EA17-42A0-9BCB-0716FAC77D65} = {B4D17C1E-453B-4E52-B62E-BA35BF2F130F}
		{6C838A81-58ED-44F3-AFA2-4B1CB57D4CCA} = {C7D76CD7-BEB0-48E3-84F6-651F45A31E21}
		{EAE0F9C5-0E3C-4BDD-BAD6-A77C4137254B} = {C7D76CD7-BEB0-48E3-84F6-651F45A31E21}
		{D3E522FB-121C-4432-9EDB-376499EEE877} = {B4D17C1E-453B-4E52-B62E-BA35BF2F130F}
		{74F8662E-6DFE-4D8B-A134-A9BE5B87F174} = {B4D17C1E-453B-4E52-B62E-BA35BF2F130F}
		{B9CADC8A-A4A2-4FB1-8AFB-D10887D2ACA4} = {8D53CEC0-3DE1-4914-B512-4A07E57C918B}
		{2FD9FE40-CD72-4637-A99F-5BCCEB8775B3} = {B4D17C1E-453B-4E52-B62E-BA35BF2F130F}
		{9870A2EE-8C74-41E1-9730-71CA0DD2D6F8} = {8D53CEC0-3DE1-4914-B512-4A07E57C918B}
		{4AACD986-8F7A-41B2-A391-DD6169EE4415} = {15981584-A912-4FFB-B0F3-ADC8260823B2}
		{3EAF8FB8-FF1D-4EA2-83E3-8C58271E6B92} = {5EDE7379-6E8D-47B2-964F-488E9E1E0121}
		{081CF2FC-EEE3-40F3-AB40-05CC4B665374} = {15981584-A912-4FFB-B0F3-ADC8260823B2}
		{7764AC7E-08F4-4374-BD60-D4650F64C334} = {081CF2FC-EEE3-40F3-AB40-05CC4B665374}
		{56585952-A6AB-4DAD-B9EF-E569F1CEBE33} = {B4D17C1E-453B-4E52-B62E-BA35BF2F130F}
		{4E6D3BD8-4C42-4B5A-BCA8-B0B3A4000EF6} = {6964E552-F782-4F3E-811C-B630751A7382}
		{2D6E5855-0674-471B-9979-EC4A07D15791} = {6964E552-F782-4F3E-811C-B630751A7382}
		{8F85F9DB-55F5-4B2C-97DB-3B8016650C1C} = {6964E552-F782-4F3E-811C-B630751A7382}
	EndGlobalSection
	GlobalSection(ExtensibilityGlobals) = postSolution
		SolutionGuid = {0AC18326-A3C2-40E5-93CD-31F8091043F7}
	EndGlobalSection
EndGlobal
