
Microsoft Visual Studio Solution File, Format Version 12.00
# Visual Studio 15
VisualStudioVersion = 15.0.28307.1145
MinimumVisualStudioVersion = 10.0.40219.1
Project("{2150E333-8FDC-42A3-9474-1A3956D46DE8}") = "ReadModel", "ReadModel", "{6964E552-F782-4F3E-811C-B630751A7382}"
EndProject
Project("{2150E333-8FDC-42A3-9474-1A3956D46DE8}") = "WriteModel", "WriteModel", "{E34E0067-3947-4F95-8BF9-35F26B4E1F7D}"
EndProject
Project("{2150E333-8FDC-42A3-9474-1A3956D46DE8}") = "CustomerContext", "CustomerContext", "{15981584-A912-4FFB-B0F3-ADC8260823B2}"
EndProject
Project("{2150E333-8FDC-42A3-9474-1A3956D46DE8}") = "Domain", "Domain", "{5EDE7379-6E8D-47B2-964F-488E9E1E0121}"
EndProject
Project("{2150E333-8FDC-42A3-9474-1A3956D46DE8}") = "ApplicationService", "ApplicationService", "{C7D76CD7-BEB0-48E3-84F6-651F45A31E21}"
EndProject
Project("{2150E333-8FDC-42A3-9474-1A3956D46DE8}") = "Facade", "Facade", "{8D53CEC0-3DE1-4914-B512-4A07E57C918B}"
EndProject
Project("{FAE04EC0-301F-11D3-BF4B-00C04F79EFBC}") = "Polo.Shop.CustomerContext.Domain", "Polo.Shop.CustomerContext.Domain\Polo.Shop.CustomerContext.Domain.csproj", "{58807A94-4B97-4FB1-873B-5DEB495A3A4E}"
EndProject
Project("{2150E333-8FDC-42A3-9474-1A3956D46DE8}") = "Framework", "Framework", "{B4D17C1E-453B-4E52-B62E-BA35BF2F130F}"
EndProject
Project("{FAE04EC0-301F-11D3-BF4B-00C04F79EFBC}") = "Polo.Framework.Domain", "Shoniz.Framework.Domain\Polo.Framework.Domain.csproj", "{FE81C00C-99DC-43D9-A38F-00F1AF908F6E}"
EndProject
Project("{FAE04EC0-301F-11D3-BF4B-00C04F79EFBC}") = "Polo.Shop.CustomerContext.Resources", "Polo.Shop.CustomerContext.Resources\Polo.Shop.CustomerContext.Resources.csproj", "{3BEB35C2-1C00-493E-A24E-F7F0C54868C4}"
EndProject
Project("{FAE04EC0-301F-11D3-BF4B-00C04F79EFBC}") = "Polo.Framework.Security", "Polo.Framework.Security\Polo.Framework.Security.csproj", "{9EA37C64-A58B-4C21-AA63-8BB2A1BE885F}"
EndProject
Project("{FAE04EC0-301F-11D3-BF4B-00C04F79EFBC}") = "Polo.Framework.Core", "Polo.Framework.Core\Polo.Framework.Core.csproj", "{7C51CE92-EA17-42A0-9BCB-0716FAC77D65}"
EndProject
Project("{FAE04EC0-301F-11D3-BF4B-00C04F79EFBC}") = "Polo.Shop.CustomerContext.AppliactionService", "Polo.Shop.CustomerContext.AppliactionService\Polo.Shop.CustomerContext.AppliactionService.csproj", "{6C838A81-58ED-44F3-AFA2-4B1CB57D4CCA}"
EndProject
Project("{FAE04EC0-301F-11D3-BF4B-00C04F79EFBC}") = "Polo.Shop.CustomerContext.ApplicationService.Contracts", "Polo.Shop.CustomerContext.ApplicationService.Contracts\Polo.Shop.CustomerContext.ApplicationService.Contracts.csproj", "{EAE0F9C5-0E3C-4BDD-BAD6-A77C4137254B}"
EndProject
Project("{FAE04EC0-301F-11D3-BF4B-00C04F79EFBC}") = "Polo.Framework.ApplicationService", "Polo.Framework.ApplicationService\Polo.Framework.ApplicationService.csproj", "{D3E522FB-121C-4432-9EDB-376499EEE877}"
EndProject
Project("{FAE04EC0-301F-11D3-BF4B-00C04F79EFBC}") = "Polo.Framework.DependencyInjection", "Polo.Framework.DependencyInjection\Polo.Framework.DependencyInjection.csproj", "{74F8662E-6DFE-4D8B-A134-A9BE5B87F174}"
EndProject
Global
	GlobalSection(SolutionConfigurationPlatforms) = preSolution
		Debug|Any CPU = Debug|Any CPU
		Release|Any CPU = Release|Any CPU
	EndGlobalSection
	GlobalSection(ProjectConfigurationPlatforms) = postSolution
		{58807A94-4B97-4FB1-873B-5DEB495A3A4E}.Debug|Any CPU.ActiveCfg = Debug|Any CPU
		{58807A94-4B97-4FB1-873B-5DEB495A3A4E}.Debug|Any CPU.Build.0 = Debug|Any CPU
		{58807A94-4B97-4FB1-873B-5DEB495A3A4E}.Release|Any CPU.ActiveCfg = Release|Any CPU
		{58807A94-4B97-4FB1-873B-5DEB495A3A4E}.Release|Any CPU.Build.0 = Release|Any CPU
		{FE81C00C-99DC-43D9-A38F-00F1AF908F6E}.Debug|Any CPU.ActiveCfg = Debug|Any CPU
		{FE81C00C-99DC-43D9-A38F-00F1AF908F6E}.Debug|Any CPU.Build.0 = Debug|Any CPU
		{FE81C00C-99DC-43D9-A38F-00F1AF908F6E}.Release|Any CPU.ActiveCfg = Release|Any CPU
		{FE81C00C-99DC-43D9-A38F-00F1AF908F6E}.Release|Any CPU.Build.0 = Release|Any CPU
		{3BEB35C2-1C00-493E-A24E-F7F0C54868C4}.Debug|Any CPU.ActiveCfg = Debug|Any CPU
		{3BEB35C2-1C00-493E-A24E-F7F0C54868C4}.Debug|Any CPU.Build.0 = Debug|Any CPU
		{3BEB35C2-1C00-493E-A24E-F7F0C54868C4}.Release|Any CPU.ActiveCfg = Release|Any CPU
		{3BEB35C2-1C00-493E-A24E-F7F0C54868C4}.Release|Any CPU.Build.0 = Release|Any CPU
		{9EA37C64-A58B-4C21-AA63-8BB2A1BE885F}.Debug|Any CPU.ActiveCfg = Debug|Any CPU
		{9EA37C64-A58B-4C21-AA63-8BB2A1BE885F}.Debug|Any CPU.Build.0 = Debug|Any CPU
		{9EA37C64-A58B-4C21-AA63-8BB2A1BE885F}.Release|Any CPU.ActiveCfg = Release|Any CPU
		{9EA37C64-A58B-4C21-AA63-8BB2A1BE885F}.Release|Any CPU.Build.0 = Release|Any CPU
		{7C51CE92-EA17-42A0-9BCB-0716FAC77D65}.Debug|Any CPU.ActiveCfg = Debug|Any CPU
		{7C51CE92-EA17-42A0-9BCB-0716FAC77D65}.Debug|Any CPU.Build.0 = Debug|Any CPU
		{7C51CE92-EA17-42A0-9BCB-0716FAC77D65}.Release|Any CPU.ActiveCfg = Release|Any CPU
		{7C51CE92-EA17-42A0-9BCB-0716FAC77D65}.Release|Any CPU.Build.0 = Release|Any CPU
		{6C838A81-58ED-44F3-AFA2-4B1CB57D4CCA}.Debug|Any CPU.ActiveCfg = Debug|Any CPU
		{6C838A81-58ED-44F3-AFA2-4B1CB57D4CCA}.Debug|Any CPU.Build.0 = Debug|Any CPU
		{6C838A81-58ED-44F3-AFA2-4B1CB57D4CCA}.Release|Any CPU.ActiveCfg = Release|Any CPU
		{6C838A81-58ED-44F3-AFA2-4B1CB57D4CCA}.Release|Any CPU.Build.0 = Release|Any CPU
		{EAE0F9C5-0E3C-4BDD-BAD6-A77C4137254B}.Debug|Any CPU.ActiveCfg = Debug|Any CPU
		{EAE0F9C5-0E3C-4BDD-BAD6-A77C4137254B}.Debug|Any CPU.Build.0 = Debug|Any CPU
		{EAE0F9C5-0E3C-4BDD-BAD6-A77C4137254B}.Release|Any CPU.ActiveCfg = Release|Any CPU
		{EAE0F9C5-0E3C-4BDD-BAD6-A77C4137254B}.Release|Any CPU.Build.0 = Release|Any CPU
		{D3E522FB-121C-4432-9EDB-376499EEE877}.Debug|Any CPU.ActiveCfg = Debug|Any CPU
		{D3E522FB-121C-4432-9EDB-376499EEE877}.Debug|Any CPU.Build.0 = Debug|Any CPU
		{D3E522FB-121C-4432-9EDB-376499EEE877}.Release|Any CPU.ActiveCfg = Release|Any CPU
		{D3E522FB-121C-4432-9EDB-376499EEE877}.Release|Any CPU.Build.0 = Release|Any CPU
		{74F8662E-6DFE-4D8B-A134-A9BE5B87F174}.Debug|Any CPU.ActiveCfg = Debug|Any CPU
		{74F8662E-6DFE-4D8B-A134-A9BE5B87F174}.Debug|Any CPU.Build.0 = Debug|Any CPU
		{74F8662E-6DFE-4D8B-A134-A9BE5B87F174}.Release|Any CPU.ActiveCfg = Release|Any CPU
		{74F8662E-6DFE-4D8B-A134-A9BE5B87F174}.Release|Any CPU.Build.0 = Release|Any CPU
	EndGlobalSection
	GlobalSection(SolutionProperties) = preSolution
		HideSolutionNode = FALSE
	EndGlobalSection
	GlobalSection(NestedProjects) = preSolution
		{15981584-A912-4FFB-B0F3-ADC8260823B2} = {E34E0067-3947-4F95-8BF9-35F26B4E1F7D}
		{5EDE7379-6E8D-47B2-964F-488E9E1E0121} = {15981584-A912-4FFB-B0F3-ADC8260823B2}
		{C7D76CD7-BEB0-48E3-84F6-651F45A31E21} = {15981584-A912-4FFB-B0F3-ADC8260823B2}
		{8D53CEC0-3DE1-4914-B512-4A07E57C918B} = {15981584-A912-4FFB-B0F3-ADC8260823B2}
		{58807A94-4B97-4FB1-873B-5DEB495A3A4E} = {5EDE7379-6E8D-47B2-964F-488E9E1E0121}
		{FE81C00C-99DC-43D9-A38F-00F1AF908F6E} = {B4D17C1E-453B-4E52-B62E-BA35BF2F130F}
		{3BEB35C2-1C00-493E-A24E-F7F0C54868C4} = {15981584-A912-4FFB-B0F3-ADC8260823B2}
		{9EA37C64-A58B-4C21-AA63-8BB2A1BE885F} = {B4D17C1E-453B-4E52-B62E-BA35BF2F130F}
		{7C51CE92-EA17-42A0-9BCB-0716FAC77D65} = {B4D17C1E-453B-4E52-B62E-BA35BF2F130F}
		{6C838A81-58ED-44F3-AFA2-4B1CB57D4CCA} = {C7D76CD7-BEB0-48E3-84F6-651F45A31E21}
		{EAE0F9C5-0E3C-4BDD-BAD6-A77C4137254B} = {C7D76CD7-BEB0-48E3-84F6-651F45A31E21}
		{D3E522FB-121C-4432-9EDB-376499EEE877} = {B4D17C1E-453B-4E52-B62E-BA35BF2F130F}
		{74F8662E-6DFE-4D8B-A134-A9BE5B87F174} = {B4D17C1E-453B-4E52-B62E-BA35BF2F130F}
	EndGlobalSection
	GlobalSection(ExtensibilityGlobals) = postSolution
		SolutionGuid = {0AC18326-A3C2-40E5-93CD-31F8091043F7}
	EndGlobalSection
EndGlobal
